{
  "name": "@liquid-labs/gucci-wrapper",
  "version": "1.0.0-alpha.6",
  "lockfileVersion": 2,
  "requires": true,
  "packages": {
    "": {
      "name": "@liquid-labs/gucci-wrapper",
      "version": "1.0.0-alpha.6",
      "hasInstallScript": true,
      "license": "UNLICENSED",
      "bin": {
        "gucci": "bin/gucci"
      }
    }
  }
}
